
Microsoft Visual Studio Solution File, Format Version 12.00
Project("{FAE04EC0-301F-11D3-BF4B-00C04F79EFBC}") = "Hackattic.Challenges", "Hackattic.Challenges.Tests\Hackattic.Challenges.csproj", "{4391FD5D-61BA-4D0A-8167-E51C50A9B254}"
EndProject
Project("{2150E333-8FDC-42A3-9474-1A3956D46DE8}") = ".common", ".common", "{09807D11-6384-4191-B5BA-279B16B37636}"
	ProjectSection(SolutionItems) = preProject
		.gitignore = .gitignore
		readme.md = readme.md
	EndProjectSection
EndProject
Global
	GlobalSection(SolutionConfigurationPlatforms) = preSolution
		Debug|Any CPU = Debug|Any CPU
		Release|Any CPU = Release|Any CPU
	EndGlobalSection
	GlobalSection(ProjectConfigurationPlatforms) = postSolution
		{4391FD5D-61BA-4D0A-8167-E51C50A9B254}.Debug|Any CPU.ActiveCfg = Debug|Any CPU
		{4391FD5D-61BA-4D0A-8167-E51C50A9B254}.Debug|Any CPU.Build.0 = Debug|Any CPU
		{4391FD5D-61BA-4D0A-8167-E51C50A9B254}.Release|Any CPU.ActiveCfg = Release|Any CPU
		{4391FD5D-61BA-4D0A-8167-E51C50A9B254}.Release|Any CPU.Build.0 = Release|Any CPU
	EndGlobalSection
EndGlobal
